
Microsoft Visual Studio Solution File, Format Version 12.00
# Visual Studio Version 17
VisualStudioVersion = 17.5.002.0
MinimumVisualStudioVersion = 10.0.40219.1
Project("{9A19103F-16F7-4668-BE54-9A1E7A4F7556}") = "clase14-pe-AlexisDiaz299", "clase14-pe-AlexisDiaz299.csproj", "{57FAD3B1-BF61-4FCD-BADB-A5CDFDCD0764}"
EndProject
Global
	GlobalSection(SolutionConfigurationPlatforms) = preSolution
		Debug|Any CPU = Debug|Any CPU
		Release|Any CPU = Release|Any CPU
	EndGlobalSection
	GlobalSection(ProjectConfigurationPlatforms) = postSolution
		{57FAD3B1-BF61-4FCD-BADB-A5CDFDCD0764}.Debug|Any CPU.ActiveCfg = Debug|Any CPU
		{57FAD3B1-BF61-4FCD-BADB-A5CDFDCD0764}.Debug|Any CPU.Build.0 = Debug|Any CPU
		{57FAD3B1-BF61-4FCD-BADB-A5CDFDCD0764}.Release|Any CPU.ActiveCfg = Release|Any CPU
		{57FAD3B1-BF61-4FCD-BADB-A5CDFDCD0764}.Release|Any CPU.Build.0 = Release|Any CPU
	EndGlobalSection
	GlobalSection(SolutionProperties) = preSolution
		HideSolutionNode = FALSE
	EndGlobalSection
	GlobalSection(ExtensibilityGlobals) = postSolution
		SolutionGuid = {3A32EE79-02F1-4B5B-BDD5-7A6EA9DA8426}
	EndGlobalSection
EndGlobal
